
Microsoft Visual Studio Solution File, Format Version 12.00
# Visual Studio Version 16
VisualStudioVersion = 16.0.32510.428
MinimumVisualStudioVersion = 10.0.40219.1
Project("{FAE04EC0-301F-11D3-BF4B-00C04F79EFBC}") = "pluginLoader", "pluginLoader\pluginLoader.csproj", "{CC2DF212-48FB-48A8-A8F2-182F08689038}"
	ProjectSection(ProjectDependencies) = postProject
		{888FE8D3-6B68-4AEC-A9F2-2C3ACC17505E} = {888FE8D3-6B68-4AEC-A9F2-2C3ACC17505E}
	EndProjectSection
EndProject
Project("{FAE04EC0-301F-11D3-BF4B-00C04F79EFBC}") = "pluginContract", "pluginContract\pluginContract.csproj", "{26D138A8-8C26-49D5-8E1D-28FE38295E00}"
EndProject
Project("{FAE04EC0-301F-11D3-BF4B-00C04F79EFBC}") = "pluginComputation", "pluginComputation\pluginComputation.csproj", "{888FE8D3-6B68-4AEC-A9F2-2C3ACC17505E}"
EndProject
Global
	GlobalSection(SolutionConfigurationPlatforms) = preSolution
		Debug|Any CPU = Debug|Any CPU
		Release|Any CPU = Release|Any CPU
	EndGlobalSection
	GlobalSection(ProjectConfigurationPlatforms) = postSolution
		{CC2DF212-48FB-48A8-A8F2-182F08689038}.Debug|Any CPU.ActiveCfg = Debug|Any CPU
		{CC2DF212-48FB-48A8-A8F2-182F08689038}.Debug|Any CPU.Build.0 = Debug|Any CPU
		{CC2DF212-48FB-48A8-A8F2-182F08689038}.Release|Any CPU.ActiveCfg = Release|Any CPU
		{CC2DF212-48FB-48A8-A8F2-182F08689038}.Release|Any CPU.Build.0 = Release|Any CPU
		{26D138A8-8C26-49D5-8E1D-28FE38295E00}.Debug|Any CPU.ActiveCfg = Debug|Any CPU
		{26D138A8-8C26-49D5-8E1D-28FE38295E00}.Debug|Any CPU.Build.0 = Debug|Any CPU
		{26D138A8-8C26-49D5-8E1D-28FE38295E00}.Release|Any CPU.ActiveCfg = Release|Any CPU
		{26D138A8-8C26-49D5-8E1D-28FE38295E00}.Release|Any CPU.Build.0 = Release|Any CPU
		{888FE8D3-6B68-4AEC-A9F2-2C3ACC17505E}.Debug|Any CPU.ActiveCfg = Debug|Any CPU
		{888FE8D3-6B68-4AEC-A9F2-2C3ACC17505E}.Debug|Any CPU.Build.0 = Debug|Any CPU
		{888FE8D3-6B68-4AEC-A9F2-2C3ACC17505E}.Release|Any CPU.ActiveCfg = Release|Any CPU
		{888FE8D3-6B68-4AEC-A9F2-2C3ACC17505E}.Release|Any CPU.Build.0 = Release|Any CPU
	EndGlobalSection
	GlobalSection(SolutionProperties) = preSolution
		HideSolutionNode = FALSE
	EndGlobalSection
	GlobalSection(ExtensibilityGlobals) = postSolution
		SolutionGuid = {ACE61343-B00C-4796-B19E-1BF37CE360CA}
	EndGlobalSection
EndGlobal
